// !$*UTF8*$!
{
	archiveVersion = 1;
	classes = {
	};
	objectVersion = 56;
	objects = {

/* Begin PBXBuildFile section */
		33380D162A7D718C00690F8F /* FirstView.swift in Sources */ = {isa = PBXBuildFile; fileRef = 33380D152A7D718C00690F8F /* FirstView.swift */; };
		33380D182A7D71FC00690F8F /* SecondView.swift in Sources */ = {isa = PBXBuildFile; fileRef = 33380D172A7D71FC00690F8F /* SecondView.swift */; };
		33380D1A2A7D720A00690F8F /* ThirdView.swift in Sources */ = {isa = PBXBuildFile; fileRef = 33380D192A7D720A00690F8F /* ThirdView.swift */; };
		33380D1C2A7D722C00690F8F /* FourthView.swift in Sources */ = {isa = PBXBuildFile; fileRef = 33380D1B2A7D722C00690F8F /* FourthView.swift */; };
		33380D1E2A7D723D00690F8F /* FifthView.swift in Sources */ = {isa = PBXBuildFile; fileRef = 33380D1D2A7D723D00690F8F /* FifthView.swift */; };
		33380D202A7D724D00690F8F /* SixthView.swift in Sources */ = {isa = PBXBuildFile; fileRef = 33380D1F2A7D724D00690F8F /* SixthView.swift */; };
		33380D222A7D725800690F8F /* SeventhView.swift in Sources */ = {isa = PBXBuildFile; fileRef = 33380D212A7D725800690F8F /* SeventhView.swift */; };
		33380D242A7D726800690F8F /* EightView.swift in Sources */ = {isa = PBXBuildFile; fileRef = 33380D232A7D726800690F8F /* EightView.swift */; };
		33380D262A7D727400690F8F /* NinthView.swift in Sources */ = {isa = PBXBuildFile; fileRef = 33380D252A7D727400690F8F /* NinthView.swift */; };
		33380D282A7D727E00690F8F /* Science.swift in Sources */ = {isa = PBXBuildFile; fileRef = 33380D272A7D727E00690F8F /* Science.swift */; };
		33380D2A2A7D728C00690F8F /* Tech.swift in Sources */ = {isa = PBXBuildFile; fileRef = 33380D292A7D728C00690F8F /* Tech.swift */; };
		33380D2C2A7D729600690F8F /* Engineering.swift in Sources */ = {isa = PBXBuildFile; fileRef = 33380D2B2A7D729600690F8F /* Engineering.swift */; };
		33380D2E2A7D72AF00690F8F /* Math.swift in Sources */ = {isa = PBXBuildFile; fileRef = 33380D2D2A7D72AF00690F8F /* Math.swift */; };
		33380D302A7D73BE00690F8F /* Links.swift in Sources */ = {isa = PBXBuildFile; fileRef = 33380D2F2A7D73BE00690F8F /* Links.swift */; };
		D10A64BA2A79AAA400EBED43 /* CALISTEMApp.swift in Sources */ = {isa = PBXBuildFile; fileRef = D10A64B92A79AAA400EBED43 /* CALISTEMApp.swift */; };
		D10A64BC2A79AAA400EBED43 /* ContentView.swift in Sources */ = {isa = PBXBuildFile; fileRef = D10A64BB2A79AAA400EBED43 /* ContentView.swift */; };
		D10A64BE2A79AAA500EBED43 /* Assets.xcassets in Resources */ = {isa = PBXBuildFile; fileRef = D10A64BD2A79AAA500EBED43 /* Assets.xcassets */; };
		D10A64C12A79AAA500EBED43 /* Preview Assets.xcassets in Resources */ = {isa = PBXBuildFile; fileRef = D10A64C02A79AAA500EBED43 /* Preview Assets.xcassets */; };
		D1C5BE802A7C500C001805DB /* Spacecookies file.swift in Sources */ = {isa = PBXBuildFile; fileRef = D1C5BE7F2A7C500C001805DB /* Spacecookies file.swift */; };
		DC96ABC32A7D7F4400C76034 /* Online Resource page.swift in Sources */ = {isa = PBXBuildFile; fileRef = DC96ABC22A7D7F4400C76034 /* Online Resource page.swift */; };
/* End PBXBuildFile section */

/* Begin PBXFileReference section */
		33380D152A7D718C00690F8F /* FirstView.swift */ = {isa = PBXFileReference; lastKnownFileType = sourcecode.swift; path = FirstView.swift; sourceTree = "<group>"; };
		33380D172A7D71FC00690F8F /* SecondView.swift */ = {isa = PBXFileReference; lastKnownFileType = sourcecode.swift; path = SecondView.swift; sourceTree = "<group>"; };
		33380D192A7D720A00690F8F /* ThirdView.swift */ = {isa = PBXFileReference; lastKnownFileType = sourcecode.swift; path = ThirdView.swift; sourceTree = "<group>"; };
		33380D1B2A7D722C00690F8F /* FourthView.swift */ = {isa = PBXFileReference; lastKnownFileType = sourcecode.swift; path = FourthView.swift; sourceTree = "<group>"; };
		33380D1D2A7D723D00690F8F /* FifthView.swift */ = {isa = PBXFileReference; lastKnownFileType = sourcecode.swift; path = FifthView.swift; sourceTree = "<group>"; };
		33380D1F2A7D724D00690F8F /* SixthView.swift */ = {isa = PBXFileReference; lastKnownFileType = sourcecode.swift; path = SixthView.swift; sourceTree = "<group>"; };
		33380D212A7D725800690F8F /* SeventhView.swift */ = {isa = PBXFileReference; lastKnownFileType = sourcecode.swift; path = SeventhView.swift; sourceTree = "<group>"; };
		33380D232A7D726800690F8F /* EightView.swift */ = {isa = PBXFileReference; lastKnownFileType = sourcecode.swift; path = EightView.swift; sourceTree = "<group>"; };
		33380D252A7D727400690F8F /* NinthView.swift */ = {isa = PBXFileReference; lastKnownFileType = sourcecode.swift; path = NinthView.swift; sourceTree = "<group>"; };
		33380D272A7D727E00690F8F /* Science.swift */ = {isa = PBXFileReference; lastKnownFileType = sourcecode.swift; path = Science.swift; sourceTree = "<group>"; };
		33380D292A7D728C00690F8F /* Tech.swift */ = {isa = PBXFileReference; lastKnownFileType = sourcecode.swift; path = Tech.swift; sourceTree = "<group>"; };
		33380D2B2A7D729600690F8F /* Engineering.swift */ = {isa = PBXFileReference; lastKnownFileType = sourcecode.swift; path = Engineering.swift; sourceTree = "<group>"; };
		33380D2D2A7D72AF00690F8F /* Math.swift */ = {isa = PBXFileReference; lastKnownFileType = sourcecode.swift; path = Math.swift; sourceTree = "<group>"; };
		33380D2F2A7D73BE00690F8F /* Links.swift */ = {isa = PBXFileReference; lastKnownFileType = sourcecode.swift; path = Links.swift; sourceTree = "<group>"; };
		D10A64B62A79AAA400EBED43 /* CALISTEM.app */ = {isa = PBXFileReference; explicitFileType = wrapper.application; includeInIndex = 0; path = CALISTEM.app; sourceTree = BUILT_PRODUCTS_DIR; };
		D10A64B92A79AAA400EBED43 /* CALISTEMApp.swift */ = {isa = PBXFileReference; lastKnownFileType = sourcecode.swift; path = CALISTEMApp.swift; sourceTree = "<group>"; };
		D10A64BB2A79AAA400EBED43 /* ContentView.swift */ = {isa = PBXFileReference; lastKnownFileType = sourcecode.swift; path = ContentView.swift; sourceTree = "<group>"; };
		D10A64BD2A79AAA500EBED43 /* Assets.xcassets */ = {isa = PBXFileReference; lastKnownFileType = folder.assetcatalog; path = Assets.xcassets; sourceTree = "<group>"; };
		D10A64C02A79AAA500EBED43 /* Preview Assets.xcassets */ = {isa = PBXFileReference; lastKnownFileType = folder.assetcatalog; path = "Preview Assets.xcassets"; sourceTree = "<group>"; };
		D1C5BE7F2A7C500C001805DB /* Spacecookies file.swift */ = {isa = PBXFileReference; lastKnownFileType = sourcecode.swift; path = "Spacecookies file.swift"; sourceTree = "<group>"; };
		DC96ABC22A7D7F4400C76034 /* Online Resource page.swift */ = {isa = PBXFileReference; lastKnownFileType = sourcecode.swift; path = "Online Resource page.swift"; sourceTree = "<group>"; };
/* End PBXFileReference section */

/* Begin PBXFrameworksBuildPhase section */
		D10A64B32A79AAA400EBED43 /* Frameworks */ = {
			isa = PBXFrameworksBuildPhase;
			buildActionMask = 2147483647;
			files = (
			);
			runOnlyForDeploymentPostprocessing = 0;
		};
/* End PBXFrameworksBuildPhase section */

/* Begin PBXGroup section */
		D10A64AD2A79AAA400EBED43 = {
			isa = PBXGroup;
			children = (
				D10A64B82A79AAA400EBED43 /* CALISTEM */,
				D10A64B72A79AAA400EBED43 /* Products */,
			);
			sourceTree = "<group>";
		};
		D10A64B72A79AAA400EBED43 /* Products */ = {
			isa = PBXGroup;
			children = (
				D10A64B62A79AAA400EBED43 /* CALISTEM.app */,
			);
			name = Products;
			sourceTree = "<group>";
		};
		D10A64B82A79AAA400EBED43 /* CALISTEM */ = {
			isa = PBXGroup;
			children = (
				D10A64B92A79AAA400EBED43 /* CALISTEMApp.swift */,
				DC96ABC22A7D7F4400C76034 /* Online Resource page.swift */,
				D10A64BB2A79AAA400EBED43 /* ContentView.swift */,
				D1C5BE7F2A7C500C001805DB /* Spacecookies file.swift */,
				33380D152A7D718C00690F8F /* FirstView.swift */,
				33380D172A7D71FC00690F8F /* SecondView.swift */,
				33380D192A7D720A00690F8F /* ThirdView.swift */,
				33380D1B2A7D722C00690F8F /* FourthView.swift */,
				33380D1D2A7D723D00690F8F /* FifthView.swift */,
				33380D1F2A7D724D00690F8F /* SixthView.swift */,
				33380D212A7D725800690F8F /* SeventhView.swift */,
				33380D232A7D726800690F8F /* EightView.swift */,
				33380D252A7D727400690F8F /* NinthView.swift */,
				33380D272A7D727E00690F8F /* Science.swift */,
				33380D292A7D728C00690F8F /* Tech.swift */,
				33380D2B2A7D729600690F8F /* Engineering.swift */,
				33380D2D2A7D72AF00690F8F /* Math.swift */,
				33380D2F2A7D73BE00690F8F /* Links.swift */,
				D10A64BD2A79AAA500EBED43 /* Assets.xcassets */,
				D10A64BF2A79AAA500EBED43 /* Preview Content */,
			);
			path = CALISTEM;
			sourceTree = "<group>";
		};
		D10A64BF2A79AAA500EBED43 /* Preview Content */ = {
			isa = PBXGroup;
			children = (
				D10A64C02A79AAA500EBED43 /* Preview Assets.xcassets */,
			);
			path = "Preview Content";
			sourceTree = "<group>";
		};
/* End PBXGroup section */

/* Begin PBXNativeTarget section */
		D10A64B52A79AAA400EBED43 /* CALISTEM */ = {
			isa = PBXNativeTarget;
			buildConfigurationList = D10A64C42A79AAA500EBED43 /* Build configuration list for PBXNativeTarget "CALISTEM" */;
			buildPhases = (
				D10A64B22A79AAA400EBED43 /* Sources */,
				D10A64B32A79AAA400EBED43 /* Frameworks */,
				D10A64B42A79AAA400EBED43 /* Resources */,
			);
			buildRules = (
			);
			dependencies = (
			);
			name = CALISTEM;
			productName = CALISTEM;
			productReference = D10A64B62A79AAA400EBED43 /* CALISTEM.app */;
			productType = "com.apple.product-type.application";
		};
/* End PBXNativeTarget section */

/* Begin PBXProject section */
		D10A64AE2A79AAA400EBED43 /* Project object */ = {
			isa = PBXProject;
			attributes = {
				BuildIndependentTargetsInParallel = 1;
				LastSwiftUpdateCheck = 1430;
				LastUpgradeCheck = 1430;
				TargetAttributes = {
					D10A64B52A79AAA400EBED43 = {
						CreatedOnToolsVersion = 14.3.1;
					};
				};
			};
			buildConfigurationList = D10A64B12A79AAA400EBED43 /* Build configuration list for PBXProject "CALISTEM" */;
			compatibilityVersion = "Xcode 14.0";
			developmentRegion = en;
			hasScannedForEncodings = 0;
			knownRegions = (
				en,
				Base,
			);
			mainGroup = D10A64AD2A79AAA400EBED43;
			productRefGroup = D10A64B72A79AAA400EBED43 /* Products */;
			projectDirPath = "";
			projectRoot = "";
			targets = (
				D10A64B52A79AAA400EBED43 /* CALISTEM */,
			);
		};
/* End PBXProject section */

/* Begin PBXResourcesBuildPhase section */
		D10A64B42A79AAA400EBED43 /* Resources */ = {
			isa = PBXResourcesBuildPhase;
			buildActionMask = 2147483647;
			files = (
				D10A64C12A79AAA500EBED43 /* Preview Assets.xcassets in Resources */,
				D10A64BE2A79AAA500EBED43 /* Assets.xcassets in Resources */,
			);
			runOnlyForDeploymentPostprocessing = 0;
		};
/* End PBXResourcesBuildPhase section */

/* Begin PBXSourcesBuildPhase section */
		D10A64B22A79AAA400EBED43 /* Sources */ = {
			isa = PBXSourcesBuildPhase;
			buildActionMask = 2147483647;
			files = (
				D10A64BC2A79AAA400EBED43 /* ContentView.swift in Sources */,
				33380D2C2A7D729600690F8F /* Engineering.swift in Sources */,
				33380D2A2A7D728C00690F8F /* Tech.swift in Sources */,
				33380D182A7D71FC00690F8F /* SecondView.swift in Sources */,
				33380D262A7D727400690F8F /* NinthView.swift in Sources */,
				33380D202A7D724D00690F8F /* SixthView.swift in Sources */,
				33380D162A7D718C00690F8F /* FirstView.swift in Sources */,
				D1C5BE802A7C500C001805DB /* Spacecookies file.swift in Sources */,
				33380D1C2A7D722C00690F8F /* FourthView.swift in Sources */,
				33380D1A2A7D720A00690F8F /* ThirdView.swift in Sources */,
				33380D282A7D727E00690F8F /* Science.swift in Sources */,
				33380D1E2A7D723D00690F8F /* FifthView.swift in Sources */,
				33380D302A7D73BE00690F8F /* Links.swift in Sources */,
				33380D242A7D726800690F8F /* EightView.swift in Sources */,
				33380D222A7D725800690F8F /* SeventhView.swift in Sources */,
				DC96ABC32A7D7F4400C76034 /* Online Resource page.swift in Sources */,
				D10A64BA2A79AAA400EBED43 /* CALISTEMApp.swift in Sources */,
				33380D2E2A7D72AF00690F8F /* Math.swift in Sources */,
			);
			runOnlyForDeploymentPostprocessing = 0;
		};
/* End PBXSourcesBuildPhase section */

/* Begin XCBuildConfiguration section */
		D10A64C22A79AAA500EBED43 /* Debug */ = {
			isa = XCBuildConfiguration;
			buildSettings = {
				ALWAYS_SEARCH_USER_PATHS = NO;
				CLANG_ANALYZER_NONNULL = YES;
				CLANG_ANALYZER_NUMBER_OBJECT_CONVERSION = YES_AGGRESSIVE;
				CLANG_CXX_LANGUAGE_STANDARD = "gnu++20";
				CLANG_ENABLE_MODULES = YES;
				CLANG_ENABLE_OBJC_ARC = YES;
				CLANG_ENABLE_OBJC_WEAK = YES;
				CLANG_WARN_BLOCK_CAPTURE_AUTORELEASING = YES;
				CLANG_WARN_BOOL_CONVERSION = YES;
				CLANG_WARN_COMMA = YES;
				CLANG_WARN_CONSTANT_CONVERSION = YES;
				CLANG_WARN_DEPRECATED_OBJC_IMPLEMENTATIONS = YES;
				CLANG_WARN_DIRECT_OBJC_ISA_USAGE = YES_ERROR;
				CLANG_WARN_DOCUMENTATION_COMMENTS = YES;
				CLANG_WARN_EMPTY_BODY = YES;
				CLANG_WARN_ENUM_CONVERSION = YES;
				CLANG_WARN_INFINITE_RECURSION = YES;
				CLANG_WARN_INT_CONVERSION = YES;
				CLANG_WARN_NON_LITERAL_NULL_CONVERSION = YES;
				CLANG_WARN_OBJC_IMPLICIT_RETAIN_SELF = YES;
				CLANG_WARN_OBJC_LITERAL_CONVERSION = YES;
				CLANG_WARN_OBJC_ROOT_CLASS = YES_ERROR;
				CLANG_WARN_QUOTED_INCLUDE_IN_FRAMEWORK_HEADER = YES;
				CLANG_WARN_RANGE_LOOP_ANALYSIS = YES;
				CLANG_WARN_STRICT_PROTOTYPES = YES;
				CLANG_WARN_SUSPICIOUS_MOVE = YES;
				CLANG_WARN_UNGUARDED_AVAILABILITY = YES_AGGRESSIVE;
				CLANG_WARN_UNREACHABLE_CODE = YES;
				CLANG_WARN__DUPLICATE_METHOD_MATCH = YES;
				COPY_PHASE_STRIP = NO;
				DEBUG_INFORMATION_FORMAT = dwarf;
				ENABLE_STRICT_OBJC_MSGSEND = YES;
				ENABLE_TESTABILITY = YES;
				GCC_C_LANGUAGE_STANDARD = gnu11;
				GCC_DYNAMIC_NO_PIC = NO;
				GCC_NO_COMMON_BLOCKS = YES;
				GCC_OPTIMIZATION_LEVEL = 0;
				GCC_PREPROCESSOR_DEFINITIONS = (
					"DEBUG=1",
					"$(inherited)",
				);
				GCC_WARN_64_TO_32_BIT_CONVERSION = YES;
				GCC_WARN_ABOUT_RETURN_TYPE = YES_ERROR;
				GCC_WARN_UNDECLARED_SELECTOR = YES;
				GCC_WARN_UNINITIALIZED_AUTOS = YES_AGGRESSIVE;
				GCC_WARN_UNUSED_FUNCTION = YES;
				GCC_WARN_UNUSED_VARIABLE = YES;
				IPHONEOS_DEPLOYMENT_TARGET = 16.4;
				MTL_ENABLE_DEBUG_INFO = INCLUDE_SOURCE;
				MTL_FAST_MATH = YES;
				ONLY_ACTIVE_ARCH = YES;
				SDKROOT = iphoneos;
				SWIFT_ACTIVE_COMPILATION_CONDITIONS = DEBUG;
				SWIFT_OPTIMIZATION_LEVEL = "-Onone";
			};
			name = Debug;
		};
		D10A64C32A79AAA500EBED43 /* Release */ = {
			isa = XCBuildConfiguration;
			buildSettings = {
				ALWAYS_SEARCH_USER_PATHS = NO;
				CLANG_ANALYZER_NONNULL = YES;
				CLANG_ANALYZER_NUMBER_OBJECT_CONVERSION = YES_AGGRESSIVE;
				CLANG_CXX_LANGUAGE_STANDARD = "gnu++20";
				CLANG_ENABLE_MODULES = YES;
				CLANG_ENABLE_OBJC_ARC = YES;
				CLANG_ENABLE_OBJC_WEAK = YES;
				CLANG_WARN_BLOCK_CAPTURE_AUTORELEASING = YES;
				CLANG_WARN_BOOL_CONVERSION = YES;
				CLANG_WARN_COMMA = YES;
				CLANG_WARN_CONSTANT_CONVERSION = YES;
				CLANG_WARN_DEPRECATED_OBJC_IMPLEMENTATIONS = YES;
				CLANG_WARN_DIRECT_OBJC_ISA_USAGE = YES_ERROR;
				CLANG_WARN_DOCUMENTATION_COMMENTS = YES;
				CLANG_WARN_EMPTY_BODY = YES;
				CLANG_WARN_ENUM_CONVERSION = YES;
				CLANG_WARN_INFINITE_RECURSION = YES;
				CLANG_WARN_INT_CONVERSION = YES;
				CLANG_WARN_NON_LITERAL_NULL_CONVERSION = YES;
				CLANG_WARN_OBJC_IMPLICIT_RETAIN_SELF = YES;
				CLANG_WARN_OBJC_LITERAL_CONVERSION = YES;
				CLANG_WARN_OBJC_ROOT_CLASS = YES_ERROR;
				CLANG_WARN_QUOTED_INCLUDE_IN_FRAMEWORK_HEADER = YES;
				CLANG_WARN_RANGE_LOOP_ANALYSIS = YES;
				CLANG_WARN_STRICT_PROTOTYPES = YES;
				CLANG_WARN_SUSPICIOUS_MOVE = YES;
				CLANG_WARN_UNGUARDED_AVAILABILITY = YES_AGGRESSIVE;
				CLANG_WARN_UNREACHABLE_CODE = YES;
				CLANG_WARN__DUPLICATE_METHOD_MATCH = YES;
				COPY_PHASE_STRIP = NO;
				DEBUG_INFORMATION_FORMAT = "dwarf-with-dsym";
				ENABLE_NS_ASSERTIONS = NO;
				ENABLE_STRICT_OBJC_MSGSEND = YES;
				GCC_C_LANGUAGE_STANDARD = gnu11;
				GCC_NO_COMMON_BLOCKS = YES;
				GCC_WARN_64_TO_32_BIT_CONVERSION = YES;
				GCC_WARN_ABOUT_RETURN_TYPE = YES_ERROR;
				GCC_WARN_UNDECLARED_SELECTOR = YES;
				GCC_WARN_UNINITIALIZED_AUTOS = YES_AGGRESSIVE;
				GCC_WARN_UNUSED_FUNCTION = YES;
				GCC_WARN_UNUSED_VARIABLE = YES;
				IPHONEOS_DEPLOYMENT_TARGET = 16.4;
				MTL_ENABLE_DEBUG_INFO = NO;
				MTL_FAST_MATH = YES;
				SDKROOT = iphoneos;
				SWIFT_COMPILATION_MODE = wholemodule;
				SWIFT_OPTIMIZATION_LEVEL = "-O";
				VALIDATE_PRODUCT = YES;
			};
			name = Release;
		};
		D10A64C52A79AAA500EBED43 /* Debug */ = {
			isa = XCBuildConfiguration;
			buildSettings = {
				ASSETCATALOG_COMPILER_APPICON_NAME = AppIcon;
				ASSETCATALOG_COMPILER_GLOBAL_ACCENT_COLOR_NAME = AccentColor;
				CODE_SIGN_STYLE = Automatic;
				CURRENT_PROJECT_VERSION = 1;
				DEVELOPMENT_ASSET_PATHS = "\"CALISTEM/Preview Content\"";
				ENABLE_PREVIEWS = YES;
				GENERATE_INFOPLIST_FILE = YES;
				INFOPLIST_KEY_UIApplicationSceneManifest_Generation = YES;
				INFOPLIST_KEY_UIApplicationSupportsIndirectInputEvents = YES;
				INFOPLIST_KEY_UILaunchScreen_Generation = YES;
				INFOPLIST_KEY_UISupportedInterfaceOrientations_iPad = "UIInterfaceOrientationPortrait UIInterfaceOrientationPortraitUpsideDown UIInterfaceOrientationLandscapeLeft UIInterfaceOrientationLandscapeRight";
				INFOPLIST_KEY_UISupportedInterfaceOrientations_iPhone = "UIInterfaceOrientationPortrait UIInterfaceOrientationLandscapeLeft UIInterfaceOrientationLandscapeRight";
				LD_RUNPATH_SEARCH_PATHS = (
					"$(inherited)",
					"@executable_path/Frameworks",
				);
				MARKETING_VERSION = 1.0;
				PRODUCT_BUNDLE_IDENTIFIER = KWK.CALISTEM;
				PRODUCT_NAME = "$(TARGET_NAME)";
				SWIFT_EMIT_LOC_STRINGS = YES;
				SWIFT_VERSION = 5.0;
				TARGETED_DEVICE_FAMILY = "1,2";
			};
			name = Debug;
		};
		D10A64C62A79AAA500EBED43 /* Release */ = {
			isa = XCBuildConfiguration;
			buildSettings = {
				ASSETCATALOG_COMPILER_APPICON_NAME = AppIcon;
				ASSETCATALOG_COMPILER_GLOBAL_ACCENT_COLOR_NAME = AccentColor;
				CODE_SIGN_STYLE = Automatic;
				CURRENT_PROJECT_VERSION = 1;
				DEVELOPMENT_ASSET_PATHS = "\"CALISTEM/Preview Content\"";
				ENABLE_PREVIEWS = YES;
				GENERATE_INFOPLIST_FILE = YES;
				INFOPLIST_KEY_UIApplicationSceneManifest_Generation = YES;
				INFOPLIST_KEY_UIApplicationSupportsIndirectInputEvents = YES;
				INFOPLIST_KEY_UILaunchScreen_Generation = YES;
				INFOPLIST_KEY_UISupportedInterfaceOrientations_iPad = "UIInterfaceOrientationPortrait UIInterfaceOrientationPortraitUpsideDown UIInterfaceOrientationLandscapeLeft UIInterfaceOrientationLandscapeRight";
				INFOPLIST_KEY_UISupportedInterfaceOrientations_iPhone = "UIInterfaceOrientationPortrait UIInterfaceOrientationLandscapeLeft UIInterfaceOrientationLandscapeRight";
				LD_RUNPATH_SEARCH_PATHS = (
					"$(inherited)",
					"@executable_path/Frameworks",
				);
				MARKETING_VERSION = 1.0;
				PRODUCT_BUNDLE_IDENTIFIER = KWK.CALISTEM;
				PRODUCT_NAME = "$(TARGET_NAME)";
				SWIFT_EMIT_LOC_STRINGS = YES;
				SWIFT_VERSION = 5.0;
				TARGETED_DEVICE_FAMILY = "1,2";
			};
			name = Release;
		};
/* End XCBuildConfiguration section */

/* Begin XCConfigurationList section */
		D10A64B12A79AAA400EBED43 /* Build configuration list for PBXProject "CALISTEM" */ = {
			isa = XCConfigurationList;
			buildConfigurations = (
				D10A64C22A79AAA500EBED43 /* Debug */,
				D10A64C32A79AAA500EBED43 /* Release */,
			);
			defaultConfigurationIsVisible = 0;
			defaultConfigurationName = Release;
		};
		D10A64C42A79AAA500EBED43 /* Build configuration list for PBXNativeTarget "CALISTEM" */ = {
			isa = XCConfigurationList;
			buildConfigurations = (
				D10A64C52A79AAA500EBED43 /* Debug */,
				D10A64C62A79AAA500EBED43 /* Release */,
			);
			defaultConfigurationIsVisible = 0;
			defaultConfigurationName = Release;
		};
/* End XCConfigurationList section */
	};
	rootObject = D10A64AE2A79AAA400EBED43 /* Project object */;
}
